// !$*UTF8*$!
{
	archiveVersion = 1;
	classes = {
	};
	objectVersion = 46;
	objects = {

/* Begin PBXBuildFile section */
		4AA6753A1D76344000BD1325 /* AppDelegate.swift in Sources */ = {isa = PBXBuildFile; fileRef = 4AA675391D76344000BD1325 /* AppDelegate.swift */; };
		4AA6753C1D76344000BD1325 /* FirstViewController.swift in Sources */ = {isa = PBXBuildFile; fileRef = 4AA6753B1D76344000BD1325 /* FirstViewController.swift */; };
		4AA675411D76344000BD1325 /* Main.storyboard in Resources */ = {isa = PBXBuildFile; fileRef = 4AA6753F1D76344000BD1325 /* Main.storyboard */; };
		4AA675431D76344000BD1325 /* Assets.xcassets in Resources */ = {isa = PBXBuildFile; fileRef = 4AA675421D76344000BD1325 /* Assets.xcassets */; };
		4AA675461D76344000BD1325 /* LaunchScreen.storyboard in Resources */ = {isa = PBXBuildFile; fileRef = 4AA675441D76344000BD1325 /* LaunchScreen.storyboard */; };
		4AA6754E1D76348400BD1325 /* FirstTableViewController.swift in Sources */ = {isa = PBXBuildFile; fileRef = 4AA6754D1D76348400BD1325 /* FirstTableViewController.swift */; };
		4AA675501D76349800BD1325 /* SecondTableViewController.swift in Sources */ = {isa = PBXBuildFile; fileRef = 4AA6754F1D76349800BD1325 /* SecondTableViewController.swift */; };
		4AA675521D7634B300BD1325 /* ThirdTableViewController.swift in Sources */ = {isa = PBXBuildFile; fileRef = 4AA675511D7634B300BD1325 /* ThirdTableViewController.swift */; };
		4AA675541D7634D100BD1325 /* FirstCell.swift in Sources */ = {isa = PBXBuildFile; fileRef = 4AA675531D7634D100BD1325 /* FirstCell.swift */; };
		4AA675561D7634E600BD1325 /* SecondCell.swift in Sources */ = {isa = PBXBuildFile; fileRef = 4AA675551D7634E600BD1325 /* SecondCell.swift */; };
		4AA675581D7634FC00BD1325 /* ThirdCell.swift in Sources */ = {isa = PBXBuildFile; fileRef = 4AA675571D7634FC00BD1325 /* ThirdCell.swift */; };
		4AA6755A1D7639BE00BD1325 /* MediaItem.swift in Sources */ = {isa = PBXBuildFile; fileRef = 4AA675591D7639BE00BD1325 /* MediaItem.swift */; };
		4AA6755C1D763ED700BD1325 /* nacdSample3.json in Resources */ = {isa = PBXBuildFile; fileRef = 4AA6755B1D763ED700BD1325 /* nacdSample3.json */; };
		4AA6755E1D76F49E00BD1325 /* nacdBlog2.json in Resources */ = {isa = PBXBuildFile; fileRef = 4AA6755D1D76F49E00BD1325 /* nacdBlog2.json */; };
		4AA675601D76F51F00BD1325 /* BlogItem.swift in Sources */ = {isa = PBXBuildFile; fileRef = 4AA6755F1D76F51F00BD1325 /* BlogItem.swift */; };
/* End PBXBuildFile section */

/* Begin PBXFileReference section */
		4AA675361D76344000BD1325 /* NacdNews.app */ = {isa = PBXFileReference; explicitFileType = wrapper.application; includeInIndex = 0; path = NacdNews.app; sourceTree = BUILT_PRODUCTS_DIR; };
		4AA675391D76344000BD1325 /* AppDelegate.swift */ = {isa = PBXFileReference; lastKnownFileType = sourcecode.swift; path = AppDelegate.swift; sourceTree = "<group>"; };
		4AA6753B1D76344000BD1325 /* FirstViewController.swift */ = {isa = PBXFileReference; lastKnownFileType = sourcecode.swift; path = FirstViewController.swift; sourceTree = "<group>"; };
		4AA675401D76344000BD1325 /* Base */ = {isa = PBXFileReference; lastKnownFileType = file.storyboard; name = Base; path = Base.lproj/Main.storyboard; sourceTree = "<group>"; };
		4AA675421D76344000BD1325 /* Assets.xcassets */ = {isa = PBXFileReference; lastKnownFileType = folder.assetcatalog; path = Assets.xcassets; sourceTree = "<group>"; };
		4AA675451D76344000BD1325 /* Base */ = {isa = PBXFileReference; lastKnownFileType = file.storyboard; name = Base; path = Base.lproj/LaunchScreen.storyboard; sourceTree = "<group>"; };
		4AA675471D76344000BD1325 /* Info.plist */ = {isa = PBXFileReference; lastKnownFileType = text.plist.xml; path = Info.plist; sourceTree = "<group>"; };
		4AA6754D1D76348400BD1325 /* FirstTableViewController.swift */ = {isa = PBXFileReference; fileEncoding = 4; lastKnownFileType = sourcecode.swift; path = FirstTableViewController.swift; sourceTree = "<group>"; };
		4AA6754F1D76349800BD1325 /* SecondTableViewController.swift */ = {isa = PBXFileReference; fileEncoding = 4; lastKnownFileType = sourcecode.swift; path = SecondTableViewController.swift; sourceTree = "<group>"; };
		4AA675511D7634B300BD1325 /* ThirdTableViewController.swift */ = {isa = PBXFileReference; fileEncoding = 4; lastKnownFileType = sourcecode.swift; path = ThirdTableViewController.swift; sourceTree = "<group>"; };
		4AA675531D7634D100BD1325 /* FirstCell.swift */ = {isa = PBXFileReference; fileEncoding = 4; lastKnownFileType = sourcecode.swift; path = FirstCell.swift; sourceTree = "<group>"; };
		4AA675551D7634E600BD1325 /* SecondCell.swift */ = {isa = PBXFileReference; fileEncoding = 4; lastKnownFileType = sourcecode.swift; path = SecondCell.swift; sourceTree = "<group>"; };
		4AA675571D7634FC00BD1325 /* ThirdCell.swift */ = {isa = PBXFileReference; fileEncoding = 4; lastKnownFileType = sourcecode.swift; path = ThirdCell.swift; sourceTree = "<group>"; };
		4AA675591D7639BE00BD1325 /* MediaItem.swift */ = {isa = PBXFileReference; fileEncoding = 4; lastKnownFileType = sourcecode.swift; path = MediaItem.swift; sourceTree = "<group>"; };
		4AA6755B1D763ED700BD1325 /* nacdSample3.json */ = {isa = PBXFileReference; fileEncoding = 4; lastKnownFileType = text.json; path = nacdSample3.json; sourceTree = "<group>"; };
		4AA6755D1D76F49E00BD1325 /* nacdBlog2.json */ = {isa = PBXFileReference; fileEncoding = 4; lastKnownFileType = text.json; path = nacdBlog2.json; sourceTree = "<group>"; };
		4AA6755F1D76F51F00BD1325 /* BlogItem.swift */ = {isa = PBXFileReference; fileEncoding = 4; lastKnownFileType = sourcecode.swift; path = BlogItem.swift; sourceTree = "<group>"; };
/* End PBXFileReference section */

/* Begin PBXFrameworksBuildPhase section */
		4AA675331D76344000BD1325 /* Frameworks */ = {
			isa = PBXFrameworksBuildPhase;
			buildActionMask = 2147483647;
			files = (
			);
			runOnlyForDeploymentPostprocessing = 0;
		};
/* End PBXFrameworksBuildPhase section */

/* Begin PBXGroup section */
		4AA6752D1D76344000BD1325 = {
			isa = PBXGroup;
			children = (
				4AA675381D76344000BD1325 /* NacdNews */,
				4AA675371D76344000BD1325 /* Products */,
			);
			sourceTree = "<group>";
		};
		4AA675371D76344000BD1325 /* Products */ = {
			isa = PBXGroup;
			children = (
				4AA675361D76344000BD1325 /* NacdNews.app */,
			);
			name = Products;
			sourceTree = "<group>";
		};
		4AA675381D76344000BD1325 /* NacdNews */ = {
			isa = PBXGroup;
			children = (
				4AA675391D76344000BD1325 /* AppDelegate.swift */,
				4AA6755B1D763ED700BD1325 /* nacdSample3.json */,
				4AA6755D1D76F49E00BD1325 /* nacdBlog2.json */,
				4AA6754D1D76348400BD1325 /* FirstTableViewController.swift */,
				4AA6754F1D76349800BD1325 /* SecondTableViewController.swift */,
				4AA675511D7634B300BD1325 /* ThirdTableViewController.swift */,
				4AA675591D7639BE00BD1325 /* MediaItem.swift */,
				4AA6755F1D76F51F00BD1325 /* BlogItem.swift */,
				4AA675531D7634D100BD1325 /* FirstCell.swift */,
				4AA675551D7634E600BD1325 /* SecondCell.swift */,
				4AA675571D7634FC00BD1325 /* ThirdCell.swift */,
				4AA6753B1D76344000BD1325 /* FirstViewController.swift */,
				4AA6753F1D76344000BD1325 /* Main.storyboard */,
				4AA675421D76344000BD1325 /* Assets.xcassets */,
				4AA675441D76344000BD1325 /* LaunchScreen.storyboard */,
				4AA675471D76344000BD1325 /* Info.plist */,
			);
			path = NacdNews;
			sourceTree = "<group>";
		};
/* End PBXGroup section */

/* Begin PBXNativeTarget section */
		4AA675351D76344000BD1325 /* NacdNews */ = {
			isa = PBXNativeTarget;
			buildConfigurationList = 4AA6754A1D76344000BD1325 /* Build configuration list for PBXNativeTarget "NacdNews" */;
			buildPhases = (
				4AA675321D76344000BD1325 /* Sources */,
				4AA675331D76344000BD1325 /* Frameworks */,
				4AA675341D76344000BD1325 /* Resources */,
			);
			buildRules = (
			);
			dependencies = (
			);
			name = NacdNews;
			productName = NacdNews;
			productReference = 4AA675361D76344000BD1325 /* NacdNews.app */;
			productType = "com.apple.product-type.application";
		};
/* End PBXNativeTarget section */

/* Begin PBXProject section */
		4AA6752E1D76344000BD1325 /* Project object */ = {
			isa = PBXProject;
			attributes = {
				LastSwiftUpdateCheck = 0730;
				LastUpgradeCheck = 0730;
				ORGANIZATIONNAME = "Gregory Weiss";
				TargetAttributes = {
					4AA675351D76344000BD1325 = {
						CreatedOnToolsVersion = 7.3.1;
					};
				};
			};
			buildConfigurationList = 4AA675311D76344000BD1325 /* Build configuration list for PBXProject "NacdNews" */;
			compatibilityVersion = "Xcode 3.2";
			developmentRegion = English;
			hasScannedForEncodings = 0;
			knownRegions = (
				en,
				Base,
			);
			mainGroup = 4AA6752D1D76344000BD1325;
			productRefGroup = 4AA675371D76344000BD1325 /* Products */;
			projectDirPath = "";
			projectRoot = "";
			targets = (
				4AA675351D76344000BD1325 /* NacdNews */,
			);
		};
/* End PBXProject section */

/* Begin PBXResourcesBuildPhase section */
		4AA675341D76344000BD1325 /* Resources */ = {
			isa = PBXResourcesBuildPhase;
			buildActionMask = 2147483647;
			files = (
				4AA675461D76344000BD1325 /* LaunchScreen.storyboard in Resources */,
				4AA675431D76344000BD1325 /* Assets.xcassets in Resources */,
				4AA675411D76344000BD1325 /* Main.storyboard in Resources */,
				4AA6755E1D76F49E00BD1325 /* nacdBlog2.json in Resources */,
				4AA6755C1D763ED700BD1325 /* nacdSample3.json in Resources */,
			);
			runOnlyForDeploymentPostprocessing = 0;
		};
/* End PBXResourcesBuildPhase section */

/* Begin PBXSourcesBuildPhase section */
		4AA675321D76344000BD1325 /* Sources */ = {
			isa = PBXSourcesBuildPhase;
			buildActionMask = 2147483647;
			files = (
				4AA675601D76F51F00BD1325 /* BlogItem.swift in Sources */,
				4AA6753A1D76344000BD1325 /* AppDelegate.swift in Sources */,
				4AA675501D76349800BD1325 /* SecondTableViewController.swift in Sources */,
				4AA6755A1D7639BE00BD1325 /* MediaItem.swift in Sources */,
				4AA675561D7634E600BD1325 /* SecondCell.swift in Sources */,
				4AA675541D7634D100BD1325 /* FirstCell.swift in Sources */,
				4AA6753C1D76344000BD1325 /* FirstViewController.swift in Sources */,
				4AA675581D7634FC00BD1325 /* ThirdCell.swift in Sources */,
				4AA675521D7634B300BD1325 /* ThirdTableViewController.swift in Sources */,
				4AA6754E1D76348400BD1325 /* FirstTableViewController.swift in Sources */,
			);
			runOnlyForDeploymentPostprocessing = 0;
		};
/* End PBXSourcesBuildPhase section */

/* Begin PBXVariantGroup section */
		4AA6753F1D76344000BD1325 /* Main.storyboard */ = {
			isa = PBXVariantGroup;
			children = (
				4AA675401D76344000BD1325 /* Base */,
			);
			name = Main.storyboard;
			sourceTree = "<group>";
		};
		4AA675441D76344000BD1325 /* LaunchScreen.storyboard */ = {
			isa = PBXVariantGroup;
			children = (
				4AA675451D76344000BD1325 /* Base */,
			);
			name = LaunchScreen.storyboard;
			sourceTree = "<group>";
		};
/* End PBXVariantGroup section */

/* Begin XCBuildConfiguration section */
		4AA675481D76344000BD1325 /* Debug */ = {
			isa = XCBuildConfiguration;
			buildSettings = {
				ALWAYS_SEARCH_USER_PATHS = NO;
				CLANG_ANALYZER_NONNULL = YES;
				CLANG_CXX_LANGUAGE_STANDARD = "gnu++0x";
				CLANG_CXX_LIBRARY = "libc++";
				CLANG_ENABLE_MODULES = YES;
				CLANG_ENABLE_OBJC_ARC = YES;
				CLANG_WARN_BOOL_CONVERSION = YES;
				CLANG_WARN_CONSTANT_CONVERSION = YES;
				CLANG_WARN_DIRECT_OBJC_ISA_USAGE = YES_ERROR;
				CLANG_WARN_EMPTY_BODY = YES;
				CLANG_WARN_ENUM_CONVERSION = YES;
				CLANG_WARN_INT_CONVERSION = YES;
				CLANG_WARN_OBJC_ROOT_CLASS = YES_ERROR;
				CLANG_WARN_UNREACHABLE_CODE = YES;
				CLANG_WARN__DUPLICATE_METHOD_MATCH = YES;
				"CODE_SIGN_IDENTITY[sdk=iphoneos*]" = "iPhone Developer";
				COPY_PHASE_STRIP = NO;
				DEBUG_INFORMATION_FORMAT = dwarf;
				ENABLE_STRICT_OBJC_MSGSEND = YES;
				ENABLE_TESTABILITY = YES;
				GCC_C_LANGUAGE_STANDARD = gnu99;
				GCC_DYNAMIC_NO_PIC = NO;
				GCC_NO_COMMON_BLOCKS = YES;
				GCC_OPTIMIZATION_LEVEL = 0;
				GCC_PREPROCESSOR_DEFINITIONS = (
					"DEBUG=1",
					"$(inherited)",
				);
				GCC_WARN_64_TO_32_BIT_CONVERSION = YES;
				GCC_WARN_ABOUT_RETURN_TYPE = YES_ERROR;
				GCC_WARN_UNDECLARED_SELECTOR = YES;
				GCC_WARN_UNINITIALIZED_AUTOS = YES_AGGRESSIVE;
				GCC_WARN_UNUSED_FUNCTION = YES;
				GCC_WARN_UNUSED_VARIABLE = YES;
				IPHONEOS_DEPLOYMENT_TARGET = 9.3;
				MTL_ENABLE_DEBUG_INFO = YES;
				ONLY_ACTIVE_ARCH = YES;
				SDKROOT = iphoneos;
				SWIFT_OPTIMIZATION_LEVEL = "-Onone";
				TARGETED_DEVICE_FAMILY = "1,2";
			};
			name = Debug;
		};
		4AA675491D76344000BD1325 /* Release */ = {
			isa = XCBuildConfiguration;
			buildSettings = {
				ALWAYS_SEARCH_USER_PATHS = NO;
				CLANG_ANALYZER_NONNULL = YES;
				CLANG_CXX_LANGUAGE_STANDARD = "gnu++0x";
				CLANG_CXX_LIBRARY = "libc++";
				CLANG_ENABLE_MODULES = YES;
				CLANG_ENABLE_OBJC_ARC = YES;
				CLANG_WARN_BOOL_CONVERSION = YES;
				CLANG_WARN_CONSTANT_CONVERSION = YES;
				CLANG_WARN_DIRECT_OBJC_ISA_USAGE = YES_ERROR;
				CLANG_WARN_EMPTY_BODY = YES;
				CLANG_WARN_ENUM_CONVERSION = YES;
				CLANG_WARN_INT_CONVERSION = YES;
				CLANG_WARN_OBJC_ROOT_CLASS = YES_ERROR;
				CLANG_WARN_UNREACHABLE_CODE = YES;
				CLANG_WARN__DUPLICATE_METHOD_MATCH = YES;
				"CODE_SIGN_IDENTITY[sdk=iphoneos*]" = "iPhone Developer";
				COPY_PHASE_STRIP = NO;
				DEBUG_INFORMATION_FORMAT = "dwarf-with-dsym";
				ENABLE_NS_ASSERTIONS = NO;
				ENABLE_STRICT_OBJC_MSGSEND = YES;
				GCC_C_LANGUAGE_STANDARD = gnu99;
				GCC_NO_COMMON_BLOCKS = YES;
				GCC_WARN_64_TO_32_BIT_CONVERSION = YES;
				GCC_WARN_ABOUT_RETURN_TYPE = YES_ERROR;
				GCC_WARN_UNDECLARED_SELECTOR = YES;
				GCC_WARN_UNINITIALIZED_AUTOS = YES_AGGRESSIVE;
				GCC_WARN_UNUSED_FUNCTION = YES;
				GCC_WARN_UNUSED_VARIABLE = YES;
				IPHONEOS_DEPLOYMENT_TARGET = 9.3;
				MTL_ENABLE_DEBUG_INFO = NO;
				SDKROOT = iphoneos;
				TARGETED_DEVICE_FAMILY = "1,2";
				VALIDATE_PRODUCT = YES;
			};
			name = Release;
		};
		4AA6754B1D76344000BD1325 /* Debug */ = {
			isa = XCBuildConfiguration;
			buildSettings = {
				ASSETCATALOG_COMPILER_APPICON_NAME = AppIcon;
				INFOPLIST_FILE = NacdNews/Info.plist;
				LD_RUNPATH_SEARCH_PATHS = "$(inherited) @executable_path/Frameworks";
				PRODUCT_BUNDLE_IDENTIFIER = com.gerusa04.NacdNews;
				PRODUCT_NAME = "$(TARGET_NAME)";
			};
			name = Debug;
		};
		4AA6754C1D76344000BD1325 /* Release */ = {
			isa = XCBuildConfiguration;
			buildSettings = {
				ASSETCATALOG_COMPILER_APPICON_NAME = AppIcon;
				INFOPLIST_FILE = NacdNews/Info.plist;
				LD_RUNPATH_SEARCH_PATHS = "$(inherited) @executable_path/Frameworks";
				PRODUCT_BUNDLE_IDENTIFIER = com.gerusa04.NacdNews;
				PRODUCT_NAME = "$(TARGET_NAME)";
			};
			name = Release;
		};
/* End XCBuildConfiguration section */

/* Begin XCConfigurationList section */
		4AA675311D76344000BD1325 /* Build configuration list for PBXProject "NacdNews" */ = {
			isa = XCConfigurationList;
			buildConfigurations = (
				4AA675481D76344000BD1325 /* Debug */,
				4AA675491D76344000BD1325 /* Release */,
			);
			defaultConfigurationIsVisible = 0;
			defaultConfigurationName = Release;
		};
		4AA6754A1D76344000BD1325 /* Build configuration list for PBXNativeTarget "NacdNews" */ = {
			isa = XCConfigurationList;
			buildConfigurations = (
				4AA6754B1D76344000BD1325 /* Debug */,
				4AA6754C1D76344000BD1325 /* Release */,
			);
			defaultConfigurationIsVisible = 0;
		};
/* End XCConfigurationList section */
	};
	rootObject = 4AA6752E1D76344000BD1325 /* Project object */;
}
