// !$*UTF8*$!
{
	archiveVersion = 1;
	classes = {
	};
	objectVersion = 46;
	objects = {

/* Begin PBXBuildFile section */
		4A10C73B1D832010009BF9A6 /* SecondCollectionViewController.swift in Sources */ = {isa = PBXBuildFile; fileRef = 4A10C73A1D832010009BF9A6 /* SecondCollectionViewController.swift */; };
		4A10C73D1D83202A009BF9A6 /* FirstCollectionViewController.swift in Sources */ = {isa = PBXBuildFile; fileRef = 4A10C73C1D83202A009BF9A6 /* FirstCollectionViewController.swift */; };
		4A10C73F1D832042009BF9A6 /* ThirdCollectionViewController.swift in Sources */ = {isa = PBXBuildFile; fileRef = 4A10C73E1D832042009BF9A6 /* ThirdCollectionViewController.swift */; };
		4A10C7411D8321B5009BF9A6 /* FirstCollectionViewCell.swift in Sources */ = {isa = PBXBuildFile; fileRef = 4A10C7401D8321B5009BF9A6 /* FirstCollectionViewCell.swift */; };
		4A10C7431D8321D1009BF9A6 /* SecondCollectionViewCell.swift in Sources */ = {isa = PBXBuildFile; fileRef = 4A10C7421D8321D1009BF9A6 /* SecondCollectionViewCell.swift */; };
		4A10C7451D8321E3009BF9A6 /* ThirdCollectionViewCell.swift in Sources */ = {isa = PBXBuildFile; fileRef = 4A10C7441D8321E3009BF9A6 /* ThirdCollectionViewCell.swift */; };
		4A10C7471D8323B3009BF9A6 /* IMG_1824.PNG in Resources */ = {isa = PBXBuildFile; fileRef = 4A10C7461D8323B3009BF9A6 /* IMG_1824.PNG */; };
		4A10C7491D833460009BF9A6 /* podcasts.json in Resources */ = {isa = PBXBuildFile; fileRef = 4A10C7481D833460009BF9A6 /* podcasts.json */; };
		4A10C74B1D83393A009BF9A6 /* 09042016_Sermon.mp3 in Resources */ = {isa = PBXBuildFile; fileRef = 4A10C74A1D83393A009BF9A6 /* 09042016_Sermon.mp3 */; };
		4A10C74D1D833963009BF9A6 /* Podcast.swift in Sources */ = {isa = PBXBuildFile; fileRef = 4A10C74C1D833963009BF9A6 /* Podcast.swift */; };
		4A10C74F1D8342C6009BF9A6 /* PlaceholderImage.png in Resources */ = {isa = PBXBuildFile; fileRef = 4A10C74E1D8342C6009BF9A6 /* PlaceholderImage.png */; };
		4AA6753A1D76344000BD1325 /* AppDelegate.swift in Sources */ = {isa = PBXBuildFile; fileRef = 4AA675391D76344000BD1325 /* AppDelegate.swift */; };
		4AA6753C1D76344000BD1325 /* FirstViewController.swift in Sources */ = {isa = PBXBuildFile; fileRef = 4AA6753B1D76344000BD1325 /* FirstViewController.swift */; };
		4AA675411D76344000BD1325 /* Main.storyboard in Resources */ = {isa = PBXBuildFile; fileRef = 4AA6753F1D76344000BD1325 /* Main.storyboard */; };
		4AA675431D76344000BD1325 /* Assets.xcassets in Resources */ = {isa = PBXBuildFile; fileRef = 4AA675421D76344000BD1325 /* Assets.xcassets */; };
		4AA675461D76344000BD1325 /* LaunchScreen.storyboard in Resources */ = {isa = PBXBuildFile; fileRef = 4AA675441D76344000BD1325 /* LaunchScreen.storyboard */; };
		4AA6754E1D76348400BD1325 /* FirstTableViewController.swift in Sources */ = {isa = PBXBuildFile; fileRef = 4AA6754D1D76348400BD1325 /* FirstTableViewController.swift */; };
		4AA675501D76349800BD1325 /* SecondTableViewController.swift in Sources */ = {isa = PBXBuildFile; fileRef = 4AA6754F1D76349800BD1325 /* SecondTableViewController.swift */; };
		4AA675521D7634B300BD1325 /* ThirdTableViewController.swift in Sources */ = {isa = PBXBuildFile; fileRef = 4AA675511D7634B300BD1325 /* ThirdTableViewController.swift */; };
		4AA675541D7634D100BD1325 /* FirstCell.swift in Sources */ = {isa = PBXBuildFile; fileRef = 4AA675531D7634D100BD1325 /* FirstCell.swift */; };
		4AA675561D7634E600BD1325 /* SecondCell.swift in Sources */ = {isa = PBXBuildFile; fileRef = 4AA675551D7634E600BD1325 /* SecondCell.swift */; };
		4AA675581D7634FC00BD1325 /* ThirdCell.swift in Sources */ = {isa = PBXBuildFile; fileRef = 4AA675571D7634FC00BD1325 /* ThirdCell.swift */; };
		4AA6755A1D7639BE00BD1325 /* MediaItem.swift in Sources */ = {isa = PBXBuildFile; fileRef = 4AA675591D7639BE00BD1325 /* MediaItem.swift */; };
		4AA6755C1D763ED700BD1325 /* nacdVideos.json in Resources */ = {isa = PBXBuildFile; fileRef = 4AA6755B1D763ED700BD1325 /* nacdVideos.json */; };
		4AA6755E1D76F49E00BD1325 /* nacdBlog2.json in Resources */ = {isa = PBXBuildFile; fileRef = 4AA6755D1D76F49E00BD1325 /* nacdBlog2.json */; };
		4AA675601D76F51F00BD1325 /* BlogItem.swift in Sources */ = {isa = PBXBuildFile; fileRef = 4AA6755F1D76F51F00BD1325 /* BlogItem.swift */; };
		4AB156131D778F25004601E7 /* BlogDetailViewController.swift in Sources */ = {isa = PBXBuildFile; fileRef = 4AB156121D778F25004601E7 /* BlogDetailViewController.swift */; };
		4AC765091D839842000F265F /* Gotham in Resources */ = {isa = PBXBuildFile; fileRef = 4AC765081D839842000F265F /* Gotham */; };
		4AC7650D1D839E55000F265F /* BgLaunch2x.png in Resources */ = {isa = PBXBuildFile; fileRef = 4AC7650C1D839E55000F265F /* BgLaunch2x.png */; };
		4AC765151D83A1A7000F265F /* BgSuperBig.png in Resources */ = {isa = PBXBuildFile; fileRef = 4AC765141D83A1A7000F265F /* BgSuperBig.png */; };
		4AC765171D83A24E000F265F /* BgCopy.png in Resources */ = {isa = PBXBuildFile; fileRef = 4AC765161D83A24E000F265F /* BgCopy.png */; };
		4AC765271D846121000F265F /* Bg5.png in Resources */ = {isa = PBXBuildFile; fileRef = 4AC765261D846121000F265F /* Bg5.png */; };
		4AC7652B1D846D0B000F265F /* VideoDetailViewController.swift in Sources */ = {isa = PBXBuildFile; fileRef = 4AC7652A1D846D0B000F265F /* VideoDetailViewController.swift */; };
		4AC765451D847923000F265F /* boatOverHead.jpg in Resources */ = {isa = PBXBuildFile; fileRef = 4AC7652C1D847923000F265F /* boatOverHead.jpg */; };
		4AC765461D847923000F265F /* bridgeWithClouds.jpg in Resources */ = {isa = PBXBuildFile; fileRef = 4AC7652D1D847923000F265F /* bridgeWithClouds.jpg */; };
		4AC765471D847923000F265F /* caveHoleOrangeLight.jpg in Resources */ = {isa = PBXBuildFile; fileRef = 4AC7652E1D847923000F265F /* caveHoleOrangeLight.jpg */; };
		4AC765481D847923000F265F /* chalkboard.jpg in Resources */ = {isa = PBXBuildFile; fileRef = 4AC7652F1D847923000F265F /* chalkboard.jpg */; };
		4AC765491D847923000F265F /* cloudsDark.jpg in Resources */ = {isa = PBXBuildFile; fileRef = 4AC765301D847923000F265F /* cloudsDark.jpg */; };
		4AC7654A1D847923000F265F /* desertCracks.jpg in Resources */ = {isa = PBXBuildFile; fileRef = 4AC765311D847923000F265F /* desertCracks.jpg */; };
		4AC7654B1D847923000F265F /* desertWithTree.jpg in Resources */ = {isa = PBXBuildFile; fileRef = 4AC765321D847923000F265F /* desertWithTree.jpg */; };
		4AC7654C1D847923000F265F /* feet.jpg in Resources */ = {isa = PBXBuildFile; fileRef = 4AC765331D847923000F265F /* feet.jpg */; };
		4AC7654D1D847923000F265F /* flowerDark.jpg in Resources */ = {isa = PBXBuildFile; fileRef = 4AC765341D847923000F265F /* flowerDark.jpg */; };
		4AC7654E1D847923000F265F /* forestWithCutTrees.jpg in Resources */ = {isa = PBXBuildFile; fileRef = 4AC765351D847923000F265F /* forestWithCutTrees.jpg */; };
		4AC7654F1D847923000F265F /* girlByOceanRocks.jpg in Resources */ = {isa = PBXBuildFile; fileRef = 4AC765361D847923000F265F /* girlByOceanRocks.jpg */; };
		4AC765501D847923000F265F /* girlByWater.jpg in Resources */ = {isa = PBXBuildFile; fileRef = 4AC765371D847923000F265F /* girlByWater.jpg */; };
		4AC765511D847923000F265F /* globe.jpg in Resources */ = {isa = PBXBuildFile; fileRef = 4AC765381D847923000F265F /* globe.jpg */; };
		4AC765521D847923000F265F /* grandCanyonLook.jpg in Resources */ = {isa = PBXBuildFile; fileRef = 4AC765391D847923000F265F /* grandCanyonLook.jpg */; };
		4AC765531D847923000F265F /* guyInDesert.jpg in Resources */ = {isa = PBXBuildFile; fileRef = 4AC7653A1D847923000F265F /* guyInDesert.jpg */; };
		4AC765541D847923000F265F /* guyLookingToSun.jpg in Resources */ = {isa = PBXBuildFile; fileRef = 4AC7653B1D847923000F265F /* guyLookingToSun.jpg */; };
		4AC765551D847923000F265F /* guyOnCliff.jpg in Resources */ = {isa = PBXBuildFile; fileRef = 4AC7653C1D847923000F265F /* guyOnCliff.jpg */; };
		4AC765561D847923000F265F /* highwayIntoForest.jpg in Resources */ = {isa = PBXBuildFile; fileRef = 4AC7653D1D847923000F265F /* highwayIntoForest.jpg */; };
		4AC765571D847923000F265F /* hillWideshot.jpg in Resources */ = {isa = PBXBuildFile; fileRef = 4AC7653E1D847923000F265F /* hillWideshot.jpg */; };
		4AC765581D847923000F265F /* laserLightsOnRoof.jpg in Resources */ = {isa = PBXBuildFile; fileRef = 4AC7653F1D847923000F265F /* laserLightsOnRoof.jpg */; };
		4AC765591D847923000F265F /* peopleInCoffeShop.jpg in Resources */ = {isa = PBXBuildFile; fileRef = 4AC765401D847923000F265F /* peopleInCoffeShop.jpg */; };
		4AC7655A1D847923000F265F /* superCloudsAroundHilltop.jpg in Resources */ = {isa = PBXBuildFile; fileRef = 4AC765411D847923000F265F /* superCloudsAroundHilltop.jpg */; };
		4AC7655B1D847923000F265F /* surfRider.jpg in Resources */ = {isa = PBXBuildFile; fileRef = 4AC765421D847923000F265F /* surfRider.jpg */; };
		4AC7655C1D847923000F265F /* usWithLights.jpg in Resources */ = {isa = PBXBuildFile; fileRef = 4AC765431D847923000F265F /* usWithLights.jpg */; };
		4AC7655D1D847923000F265F /* valleyWithSunset.jpg in Resources */ = {isa = PBXBuildFile; fileRef = 4AC765441D847923000F265F /* valleyWithSunset.jpg */; };
/* End PBXBuildFile section */

/* Begin PBXFileReference section */
		4A10C73A1D832010009BF9A6 /* SecondCollectionViewController.swift */ = {isa = PBXFileReference; fileEncoding = 4; lastKnownFileType = sourcecode.swift; path = SecondCollectionViewController.swift; sourceTree = "<group>"; };
		4A10C73C1D83202A009BF9A6 /* FirstCollectionViewController.swift */ = {isa = PBXFileReference; fileEncoding = 4; lastKnownFileType = sourcecode.swift; path = FirstCollectionViewController.swift; sourceTree = "<group>"; };
		4A10C73E1D832042009BF9A6 /* ThirdCollectionViewController.swift */ = {isa = PBXFileReference; fileEncoding = 4; lastKnownFileType = sourcecode.swift; path = ThirdCollectionViewController.swift; sourceTree = "<group>"; };
		4A10C7401D8321B5009BF9A6 /* FirstCollectionViewCell.swift */ = {isa = PBXFileReference; fileEncoding = 4; lastKnownFileType = sourcecode.swift; path = FirstCollectionViewCell.swift; sourceTree = "<group>"; };
		4A10C7421D8321D1009BF9A6 /* SecondCollectionViewCell.swift */ = {isa = PBXFileReference; fileEncoding = 4; lastKnownFileType = sourcecode.swift; path = SecondCollectionViewCell.swift; sourceTree = "<group>"; };
		4A10C7441D8321E3009BF9A6 /* ThirdCollectionViewCell.swift */ = {isa = PBXFileReference; fileEncoding = 4; lastKnownFileType = sourcecode.swift; path = ThirdCollectionViewCell.swift; sourceTree = "<group>"; };
		4A10C7461D8323B3009BF9A6 /* IMG_1824.PNG */ = {isa = PBXFileReference; lastKnownFileType = image.png; path = IMG_1824.PNG; sourceTree = "<group>"; };
		4A10C7481D833460009BF9A6 /* podcasts.json */ = {isa = PBXFileReference; fileEncoding = 4; lastKnownFileType = text.json; path = podcasts.json; sourceTree = "<group>"; };
		4A10C74A1D83393A009BF9A6 /* 09042016_Sermon.mp3 */ = {isa = PBXFileReference; lastKnownFileType = audio.mp3; path = 09042016_Sermon.mp3; sourceTree = "<group>"; };
		4A10C74C1D833963009BF9A6 /* Podcast.swift */ = {isa = PBXFileReference; fileEncoding = 4; lastKnownFileType = sourcecode.swift; path = Podcast.swift; sourceTree = "<group>"; };
		4A10C74E1D8342C6009BF9A6 /* PlaceholderImage.png */ = {isa = PBXFileReference; lastKnownFileType = image.png; path = PlaceholderImage.png; sourceTree = "<group>"; };
		4AA675361D76344000BD1325 /* NacdNews.app */ = {isa = PBXFileReference; explicitFileType = wrapper.application; includeInIndex = 0; path = NacdNews.app; sourceTree = BUILT_PRODUCTS_DIR; };
		4AA675391D76344000BD1325 /* AppDelegate.swift */ = {isa = PBXFileReference; lastKnownFileType = sourcecode.swift; path = AppDelegate.swift; sourceTree = "<group>"; };
		4AA6753B1D76344000BD1325 /* FirstViewController.swift */ = {isa = PBXFileReference; lastKnownFileType = sourcecode.swift; path = FirstViewController.swift; sourceTree = "<group>"; };
		4AA675401D76344000BD1325 /* Base */ = {isa = PBXFileReference; lastKnownFileType = file.storyboard; name = Base; path = Base.lproj/Main.storyboard; sourceTree = "<group>"; };
		4AA675421D76344000BD1325 /* Assets.xcassets */ = {isa = PBXFileReference; lastKnownFileType = folder.assetcatalog; path = Assets.xcassets; sourceTree = "<group>"; };
		4AA675451D76344000BD1325 /* Base */ = {isa = PBXFileReference; lastKnownFileType = file.storyboard; name = Base; path = Base.lproj/LaunchScreen.storyboard; sourceTree = "<group>"; };
		4AA675471D76344000BD1325 /* Info.plist */ = {isa = PBXFileReference; lastKnownFileType = text.plist.xml; path = Info.plist; sourceTree = "<group>"; };
		4AA6754D1D76348400BD1325 /* FirstTableViewController.swift */ = {isa = PBXFileReference; fileEncoding = 4; lastKnownFileType = sourcecode.swift; path = FirstTableViewController.swift; sourceTree = "<group>"; };
		4AA6754F1D76349800BD1325 /* SecondTableViewController.swift */ = {isa = PBXFileReference; fileEncoding = 4; lastKnownFileType = sourcecode.swift; path = SecondTableViewController.swift; sourceTree = "<group>"; };
		4AA675511D7634B300BD1325 /* ThirdTableViewController.swift */ = {isa = PBXFileReference; fileEncoding = 4; lastKnownFileType = sourcecode.swift; path = ThirdTableViewController.swift; sourceTree = "<group>"; };
		4AA675531D7634D100BD1325 /* FirstCell.swift */ = {isa = PBXFileReference; fileEncoding = 4; lastKnownFileType = sourcecode.swift; path = FirstCell.swift; sourceTree = "<group>"; };
		4AA675551D7634E600BD1325 /* SecondCell.swift */ = {isa = PBXFileReference; fileEncoding = 4; lastKnownFileType = sourcecode.swift; path = SecondCell.swift; sourceTree = "<group>"; };
		4AA675571D7634FC00BD1325 /* ThirdCell.swift */ = {isa = PBXFileReference; fileEncoding = 4; lastKnownFileType = sourcecode.swift; path = ThirdCell.swift; sourceTree = "<group>"; };
		4AA675591D7639BE00BD1325 /* MediaItem.swift */ = {isa = PBXFileReference; fileEncoding = 4; lastKnownFileType = sourcecode.swift; path = MediaItem.swift; sourceTree = "<group>"; };
		4AA6755B1D763ED700BD1325 /* nacdVideos.json */ = {isa = PBXFileReference; fileEncoding = 4; lastKnownFileType = text.json; path = nacdVideos.json; sourceTree = "<group>"; };
		4AA6755D1D76F49E00BD1325 /* nacdBlog2.json */ = {isa = PBXFileReference; fileEncoding = 4; lastKnownFileType = text.json; path = nacdBlog2.json; sourceTree = "<group>"; };
		4AA6755F1D76F51F00BD1325 /* BlogItem.swift */ = {isa = PBXFileReference; fileEncoding = 4; lastKnownFileType = sourcecode.swift; path = BlogItem.swift; sourceTree = "<group>"; };
		4AB156121D778F25004601E7 /* BlogDetailViewController.swift */ = {isa = PBXFileReference; fileEncoding = 4; lastKnownFileType = sourcecode.swift; path = BlogDetailViewController.swift; sourceTree = "<group>"; };
		4AC765081D839842000F265F /* Gotham */ = {isa = PBXFileReference; lastKnownFileType = folder; path = Gotham; sourceTree = "<group>"; };
		4AC7650C1D839E55000F265F /* BgLaunch2x.png */ = {isa = PBXFileReference; lastKnownFileType = image.png; path = BgLaunch2x.png; sourceTree = "<group>"; };
		4AC765141D83A1A7000F265F /* BgSuperBig.png */ = {isa = PBXFileReference; lastKnownFileType = image.png; name = BgSuperBig.png; path = NacdNews/BgSuperBig.png; sourceTree = "<group>"; };
		4AC765161D83A24E000F265F /* BgCopy.png */ = {isa = PBXFileReference; lastKnownFileType = image.png; name = BgCopy.png; path = NacdNews/BgCopy.png; sourceTree = "<group>"; };
		4AC765261D846121000F265F /* Bg5.png */ = {isa = PBXFileReference; lastKnownFileType = image.png; path = Bg5.png; sourceTree = "<group>"; };
		4AC7652A1D846D0B000F265F /* VideoDetailViewController.swift */ = {isa = PBXFileReference; fileEncoding = 4; lastKnownFileType = sourcecode.swift; path = VideoDetailViewController.swift; sourceTree = "<group>"; };
		4AC7652C1D847923000F265F /* boatOverHead.jpg */ = {isa = PBXFileReference; lastKnownFileType = image.jpeg; path = boatOverHead.jpg; sourceTree = "<group>"; };
		4AC7652D1D847923000F265F /* bridgeWithClouds.jpg */ = {isa = PBXFileReference; lastKnownFileType = image.jpeg; path = bridgeWithClouds.jpg; sourceTree = "<group>"; };
		4AC7652E1D847923000F265F /* caveHoleOrangeLight.jpg */ = {isa = PBXFileReference; lastKnownFileType = image.jpeg; path = caveHoleOrangeLight.jpg; sourceTree = "<group>"; };
		4AC7652F1D847923000F265F /* chalkboard.jpg */ = {isa = PBXFileReference; lastKnownFileType = image.jpeg; path = chalkboard.jpg; sourceTree = "<group>"; };
		4AC765301D847923000F265F /* cloudsDark.jpg */ = {isa = PBXFileReference; lastKnownFileType = image.jpeg; path = cloudsDark.jpg; sourceTree = "<group>"; };
		4AC765311D847923000F265F /* desertCracks.jpg */ = {isa = PBXFileReference; lastKnownFileType = image.jpeg; path = desertCracks.jpg; sourceTree = "<group>"; };
		4AC765321D847923000F265F /* desertWithTree.jpg */ = {isa = PBXFileReference; lastKnownFileType = image.jpeg; path = desertWithTree.jpg; sourceTree = "<group>"; };
		4AC765331D847923000F265F /* feet.jpg */ = {isa = PBXFileReference; lastKnownFileType = image.jpeg; path = feet.jpg; sourceTree = "<group>"; };
		4AC765341D847923000F265F /* flowerDark.jpg */ = {isa = PBXFileReference; lastKnownFileType = image.jpeg; path = flowerDark.jpg; sourceTree = "<group>"; };
		4AC765351D847923000F265F /* forestWithCutTrees.jpg */ = {isa = PBXFileReference; lastKnownFileType = image.jpeg; path = forestWithCutTrees.jpg; sourceTree = "<group>"; };
		4AC765361D847923000F265F /* girlByOceanRocks.jpg */ = {isa = PBXFileReference; lastKnownFileType = image.jpeg; path = girlByOceanRocks.jpg; sourceTree = "<group>"; };
		4AC765371D847923000F265F /* girlByWater.jpg */ = {isa = PBXFileReference; lastKnownFileType = image.jpeg; path = girlByWater.jpg; sourceTree = "<group>"; };
		4AC765381D847923000F265F /* globe.jpg */ = {isa = PBXFileReference; lastKnownFileType = image.jpeg; path = globe.jpg; sourceTree = "<group>"; };
		4AC765391D847923000F265F /* grandCanyonLook.jpg */ = {isa = PBXFileReference; lastKnownFileType = image.jpeg; path = grandCanyonLook.jpg; sourceTree = "<group>"; };
		4AC7653A1D847923000F265F /* guyInDesert.jpg */ = {isa = PBXFileReference; lastKnownFileType = image.jpeg; path = guyInDesert.jpg; sourceTree = "<group>"; };
		4AC7653B1D847923000F265F /* guyLookingToSun.jpg */ = {isa = PBXFileReference; lastKnownFileType = image.jpeg; path = guyLookingToSun.jpg; sourceTree = "<group>"; };
		4AC7653C1D847923000F265F /* guyOnCliff.jpg */ = {isa = PBXFileReference; lastKnownFileType = image.jpeg; path = guyOnCliff.jpg; sourceTree = "<group>"; };
		4AC7653D1D847923000F265F /* highwayIntoForest.jpg */ = {isa = PBXFileReference; lastKnownFileType = image.jpeg; path = highwayIntoForest.jpg; sourceTree = "<group>"; };
		4AC7653E1D847923000F265F /* hillWideshot.jpg */ = {isa = PBXFileReference; lastKnownFileType = image.jpeg; path = hillWideshot.jpg; sourceTree = "<group>"; };
		4AC7653F1D847923000F265F /* laserLightsOnRoof.jpg */ = {isa = PBXFileReference; lastKnownFileType = image.jpeg; path = laserLightsOnRoof.jpg; sourceTree = "<group>"; };
		4AC765401D847923000F265F /* peopleInCoffeShop.jpg */ = {isa = PBXFileReference; lastKnownFileType = image.jpeg; path = peopleInCoffeShop.jpg; sourceTree = "<group>"; };
		4AC765411D847923000F265F /* superCloudsAroundHilltop.jpg */ = {isa = PBXFileReference; lastKnownFileType = image.jpeg; path = superCloudsAroundHilltop.jpg; sourceTree = "<group>"; };
		4AC765421D847923000F265F /* surfRider.jpg */ = {isa = PBXFileReference; lastKnownFileType = image.jpeg; path = surfRider.jpg; sourceTree = "<group>"; };
		4AC765431D847923000F265F /* usWithLights.jpg */ = {isa = PBXFileReference; lastKnownFileType = image.jpeg; path = usWithLights.jpg; sourceTree = "<group>"; };
		4AC765441D847923000F265F /* valleyWithSunset.jpg */ = {isa = PBXFileReference; lastKnownFileType = image.jpeg; path = valleyWithSunset.jpg; sourceTree = "<group>"; };
/* End PBXFileReference section */

/* Begin PBXFrameworksBuildPhase section */
		4AA675331D76344000BD1325 /* Frameworks */ = {
			isa = PBXFrameworksBuildPhase;
			buildActionMask = 2147483647;
			files = (
			);
			runOnlyForDeploymentPostprocessing = 0;
		};
/* End PBXFrameworksBuildPhase section */

/* Begin PBXGroup section */
		4AA6752D1D76344000BD1325 = {
			isa = PBXGroup;
			children = (
				4AA675381D76344000BD1325 /* NacdNews */,
				4AA675371D76344000BD1325 /* Products */,
				4AC765261D846121000F265F /* Bg5.png */,
				4AC765161D83A24E000F265F /* BgCopy.png */,
				4AC765141D83A1A7000F265F /* BgSuperBig.png */,
				4A10C7461D8323B3009BF9A6 /* IMG_1824.PNG */,
				4A10C74A1D83393A009BF9A6 /* 09042016_Sermon.mp3 */,
				4A10C74E1D8342C6009BF9A6 /* PlaceholderImage.png */,
				4AC7652C1D847923000F265F /* boatOverHead.jpg */,
				4AC7652D1D847923000F265F /* bridgeWithClouds.jpg */,
				4AC7652E1D847923000F265F /* caveHoleOrangeLight.jpg */,
				4AC7652F1D847923000F265F /* chalkboard.jpg */,
				4AC765301D847923000F265F /* cloudsDark.jpg */,
				4AC765311D847923000F265F /* desertCracks.jpg */,
				4AC765321D847923000F265F /* desertWithTree.jpg */,
				4AC765331D847923000F265F /* feet.jpg */,
				4AC765341D847923000F265F /* flowerDark.jpg */,
				4AC765351D847923000F265F /* forestWithCutTrees.jpg */,
				4AC765361D847923000F265F /* girlByOceanRocks.jpg */,
				4AC765371D847923000F265F /* girlByWater.jpg */,
				4AC765381D847923000F265F /* globe.jpg */,
				4AC765391D847923000F265F /* grandCanyonLook.jpg */,
				4AC7653A1D847923000F265F /* guyInDesert.jpg */,
				4AC7653B1D847923000F265F /* guyLookingToSun.jpg */,
				4AC7653C1D847923000F265F /* guyOnCliff.jpg */,
				4AC7653D1D847923000F265F /* highwayIntoForest.jpg */,
				4AC7653E1D847923000F265F /* hillWideshot.jpg */,
				4AC7653F1D847923000F265F /* laserLightsOnRoof.jpg */,
				4AC765401D847923000F265F /* peopleInCoffeShop.jpg */,
				4AC765411D847923000F265F /* superCloudsAroundHilltop.jpg */,
				4AC765421D847923000F265F /* surfRider.jpg */,
				4AC765431D847923000F265F /* usWithLights.jpg */,
				4AC765441D847923000F265F /* valleyWithSunset.jpg */,
			);
			sourceTree = "<group>";
		};
		4AA675371D76344000BD1325 /* Products */ = {
			isa = PBXGroup;
			children = (
				4AA675361D76344000BD1325 /* NacdNews.app */,
			);
			name = Products;
			sourceTree = "<group>";
		};
		4AA675381D76344000BD1325 /* NacdNews */ = {
			isa = PBXGroup;
			children = (
				4AC765081D839842000F265F /* Gotham */,
				4AA675391D76344000BD1325 /* AppDelegate.swift */,
				4AA6755B1D763ED700BD1325 /* nacdVideos.json */,
				4A10C7481D833460009BF9A6 /* podcasts.json */,
				4AA6755D1D76F49E00BD1325 /* nacdBlog2.json */,
				4AA6754D1D76348400BD1325 /* FirstTableViewController.swift */,
				4AB156121D778F25004601E7 /* BlogDetailViewController.swift */,
				4AA6754F1D76349800BD1325 /* SecondTableViewController.swift */,
				4AA675511D7634B300BD1325 /* ThirdTableViewController.swift */,
				4AA675591D7639BE00BD1325 /* MediaItem.swift */,
				4A10C74C1D833963009BF9A6 /* Podcast.swift */,
				4AA6755F1D76F51F00BD1325 /* BlogItem.swift */,
				4AA675531D7634D100BD1325 /* FirstCell.swift */,
				4AA675551D7634E600BD1325 /* SecondCell.swift */,
				4AA675571D7634FC00BD1325 /* ThirdCell.swift */,
				4AA6753B1D76344000BD1325 /* FirstViewController.swift */,
				4AA6753F1D76344000BD1325 /* Main.storyboard */,
				4AA675421D76344000BD1325 /* Assets.xcassets */,
				4AC7650C1D839E55000F265F /* BgLaunch2x.png */,
				4AA675441D76344000BD1325 /* LaunchScreen.storyboard */,
				4AA675471D76344000BD1325 /* Info.plist */,
				4A10C73A1D832010009BF9A6 /* SecondCollectionViewController.swift */,
				4A10C73C1D83202A009BF9A6 /* FirstCollectionViewController.swift */,
				4AC7652A1D846D0B000F265F /* VideoDetailViewController.swift */,
				4A10C73E1D832042009BF9A6 /* ThirdCollectionViewController.swift */,
				4A10C7401D8321B5009BF9A6 /* FirstCollectionViewCell.swift */,
				4A10C7421D8321D1009BF9A6 /* SecondCollectionViewCell.swift */,
				4A10C7441D8321E3009BF9A6 /* ThirdCollectionViewCell.swift */,
			);
			path = NacdNews;
			sourceTree = "<group>";
		};
/* End PBXGroup section */

/* Begin PBXNativeTarget section */
		4AA675351D76344000BD1325 /* NacdNews */ = {
			isa = PBXNativeTarget;
			buildConfigurationList = 4AA6754A1D76344000BD1325 /* Build configuration list for PBXNativeTarget "NacdNews" */;
			buildPhases = (
				4AA675321D76344000BD1325 /* Sources */,
				4AA675331D76344000BD1325 /* Frameworks */,
				4AA675341D76344000BD1325 /* Resources */,
			);
			buildRules = (
			);
			dependencies = (
			);
			name = NacdNews;
			productName = NacdNews;
			productReference = 4AA675361D76344000BD1325 /* NacdNews.app */;
			productType = "com.apple.product-type.application";
		};
/* End PBXNativeTarget section */

/* Begin PBXProject section */
		4AA6752E1D76344000BD1325 /* Project object */ = {
			isa = PBXProject;
			attributes = {
				LastSwiftUpdateCheck = 0730;
				LastUpgradeCheck = 0730;
				ORGANIZATIONNAME = "Gregory Weiss";
				TargetAttributes = {
					4AA675351D76344000BD1325 = {
						CreatedOnToolsVersion = 7.3.1;
					};
				};
			};
			buildConfigurationList = 4AA675311D76344000BD1325 /* Build configuration list for PBXProject "NacdNews" */;
			compatibilityVersion = "Xcode 3.2";
			developmentRegion = English;
			hasScannedForEncodings = 0;
			knownRegions = (
				en,
				Base,
			);
			mainGroup = 4AA6752D1D76344000BD1325;
			productRefGroup = 4AA675371D76344000BD1325 /* Products */;
			projectDirPath = "";
			projectRoot = "";
			targets = (
				4AA675351D76344000BD1325 /* NacdNews */,
			);
		};
/* End PBXProject section */

/* Begin PBXResourcesBuildPhase section */
		4AA675341D76344000BD1325 /* Resources */ = {
			isa = PBXResourcesBuildPhase;
			buildActionMask = 2147483647;
			files = (
				4AC765091D839842000F265F /* Gotham in Resources */,
				4AC765571D847923000F265F /* hillWideshot.jpg in Resources */,
				4AC7654C1D847923000F265F /* feet.jpg in Resources */,
				4AC765561D847923000F265F /* highwayIntoForest.jpg in Resources */,
				4AC7654A1D847923000F265F /* desertCracks.jpg in Resources */,
				4AC765451D847923000F265F /* boatOverHead.jpg in Resources */,
				4AC7655C1D847923000F265F /* usWithLights.jpg in Resources */,
				4AA675461D76344000BD1325 /* LaunchScreen.storyboard in Resources */,
				4AC7654D1D847923000F265F /* flowerDark.jpg in Resources */,
				4AC765271D846121000F265F /* Bg5.png in Resources */,
				4A10C74F1D8342C6009BF9A6 /* PlaceholderImage.png in Resources */,
				4AA675431D76344000BD1325 /* Assets.xcassets in Resources */,
				4AC765541D847923000F265F /* guyLookingToSun.jpg in Resources */,
				4AC765461D847923000F265F /* bridgeWithClouds.jpg in Resources */,
				4AC765551D847923000F265F /* guyOnCliff.jpg in Resources */,
				4A10C74B1D83393A009BF9A6 /* 09042016_Sermon.mp3 in Resources */,
				4AC7654E1D847923000F265F /* forestWithCutTrees.jpg in Resources */,
				4AC765511D847923000F265F /* globe.jpg in Resources */,
				4AA675411D76344000BD1325 /* Main.storyboard in Resources */,
				4AC765171D83A24E000F265F /* BgCopy.png in Resources */,
				4AC765501D847923000F265F /* girlByWater.jpg in Resources */,
				4AC7650D1D839E55000F265F /* BgLaunch2x.png in Resources */,
				4AC765591D847923000F265F /* peopleInCoffeShop.jpg in Resources */,
				4AC765151D83A1A7000F265F /* BgSuperBig.png in Resources */,
				4AC765531D847923000F265F /* guyInDesert.jpg in Resources */,
				4AC7654B1D847923000F265F /* desertWithTree.jpg in Resources */,
				4AC7654F1D847923000F265F /* girlByOceanRocks.jpg in Resources */,
				4AC7655D1D847923000F265F /* valleyWithSunset.jpg in Resources */,
				4AC765581D847923000F265F /* laserLightsOnRoof.jpg in Resources */,
				4A10C7491D833460009BF9A6 /* podcasts.json in Resources */,
				4AA6755E1D76F49E00BD1325 /* nacdBlog2.json in Resources */,
				4AC765481D847923000F265F /* chalkboard.jpg in Resources */,
				4AC765491D847923000F265F /* cloudsDark.jpg in Resources */,
				4AC7655B1D847923000F265F /* surfRider.jpg in Resources */,
				4AC765471D847923000F265F /* caveHoleOrangeLight.jpg in Resources */,
				4A10C7471D8323B3009BF9A6 /* IMG_1824.PNG in Resources */,
				4AC7655A1D847923000F265F /* superCloudsAroundHilltop.jpg in Resources */,
				4AA6755C1D763ED700BD1325 /* nacdVideos.json in Resources */,
				4AC765521D847923000F265F /* grandCanyonLook.jpg in Resources */,
			);
			runOnlyForDeploymentPostprocessing = 0;
		};
/* End PBXResourcesBuildPhase section */

/* Begin PBXSourcesBuildPhase section */
		4AA675321D76344000BD1325 /* Sources */ = {
			isa = PBXSourcesBuildPhase;
			buildActionMask = 2147483647;
			files = (
				4AC7652B1D846D0B000F265F /* VideoDetailViewController.swift in Sources */,
				4A10C7411D8321B5009BF9A6 /* FirstCollectionViewCell.swift in Sources */,
				4AA675601D76F51F00BD1325 /* BlogItem.swift in Sources */,
				4AA6753A1D76344000BD1325 /* AppDelegate.swift in Sources */,
				4A10C73F1D832042009BF9A6 /* ThirdCollectionViewController.swift in Sources */,
				4A10C73B1D832010009BF9A6 /* SecondCollectionViewController.swift in Sources */,
				4AA675501D76349800BD1325 /* SecondTableViewController.swift in Sources */,
				4AA6755A1D7639BE00BD1325 /* MediaItem.swift in Sources */,
				4A10C7451D8321E3009BF9A6 /* ThirdCollectionViewCell.swift in Sources */,
				4AA675561D7634E600BD1325 /* SecondCell.swift in Sources */,
				4AB156131D778F25004601E7 /* BlogDetailViewController.swift in Sources */,
				4AA675541D7634D100BD1325 /* FirstCell.swift in Sources */,
				4AA6753C1D76344000BD1325 /* FirstViewController.swift in Sources */,
				4A10C73D1D83202A009BF9A6 /* FirstCollectionViewController.swift in Sources */,
				4A10C7431D8321D1009BF9A6 /* SecondCollectionViewCell.swift in Sources */,
				4A10C74D1D833963009BF9A6 /* Podcast.swift in Sources */,
				4AA675581D7634FC00BD1325 /* ThirdCell.swift in Sources */,
				4AA675521D7634B300BD1325 /* ThirdTableViewController.swift in Sources */,
				4AA6754E1D76348400BD1325 /* FirstTableViewController.swift in Sources */,
			);
			runOnlyForDeploymentPostprocessing = 0;
		};
/* End PBXSourcesBuildPhase section */

/* Begin PBXVariantGroup section */
		4AA6753F1D76344000BD1325 /* Main.storyboard */ = {
			isa = PBXVariantGroup;
			children = (
				4AA675401D76344000BD1325 /* Base */,
			);
			name = Main.storyboard;
			sourceTree = "<group>";
		};
		4AA675441D76344000BD1325 /* LaunchScreen.storyboard */ = {
			isa = PBXVariantGroup;
			children = (
				4AA675451D76344000BD1325 /* Base */,
			);
			name = LaunchScreen.storyboard;
			sourceTree = "<group>";
		};
/* End PBXVariantGroup section */

/* Begin XCBuildConfiguration section */
		4AA675481D76344000BD1325 /* Debug */ = {
			isa = XCBuildConfiguration;
			buildSettings = {
				ALWAYS_SEARCH_USER_PATHS = NO;
				CLANG_ANALYZER_NONNULL = YES;
				CLANG_CXX_LANGUAGE_STANDARD = "gnu++0x";
				CLANG_CXX_LIBRARY = "libc++";
				CLANG_ENABLE_MODULES = YES;
				CLANG_ENABLE_OBJC_ARC = YES;
				CLANG_WARN_BOOL_CONVERSION = YES;
				CLANG_WARN_CONSTANT_CONVERSION = YES;
				CLANG_WARN_DIRECT_OBJC_ISA_USAGE = YES_ERROR;
				CLANG_WARN_EMPTY_BODY = YES;
				CLANG_WARN_ENUM_CONVERSION = YES;
				CLANG_WARN_INT_CONVERSION = YES;
				CLANG_WARN_OBJC_ROOT_CLASS = YES_ERROR;
				CLANG_WARN_UNREACHABLE_CODE = YES;
				CLANG_WARN__DUPLICATE_METHOD_MATCH = YES;
				"CODE_SIGN_IDENTITY[sdk=iphoneos*]" = "iPhone Developer";
				COPY_PHASE_STRIP = NO;
				DEBUG_INFORMATION_FORMAT = dwarf;
				ENABLE_STRICT_OBJC_MSGSEND = YES;
				ENABLE_TESTABILITY = YES;
				GCC_C_LANGUAGE_STANDARD = gnu99;
				GCC_DYNAMIC_NO_PIC = NO;
				GCC_NO_COMMON_BLOCKS = YES;
				GCC_OPTIMIZATION_LEVEL = 0;
				GCC_PREPROCESSOR_DEFINITIONS = (
					"DEBUG=1",
					"$(inherited)",
				);
				GCC_WARN_64_TO_32_BIT_CONVERSION = YES;
				GCC_WARN_ABOUT_RETURN_TYPE = YES_ERROR;
				GCC_WARN_UNDECLARED_SELECTOR = YES;
				GCC_WARN_UNINITIALIZED_AUTOS = YES_AGGRESSIVE;
				GCC_WARN_UNUSED_FUNCTION = YES;
				GCC_WARN_UNUSED_VARIABLE = YES;
				IPHONEOS_DEPLOYMENT_TARGET = 9.3;
				MTL_ENABLE_DEBUG_INFO = YES;
				ONLY_ACTIVE_ARCH = YES;
				SDKROOT = iphoneos;
				SWIFT_OPTIMIZATION_LEVEL = "-Onone";
				TARGETED_DEVICE_FAMILY = "1,2";
			};
			name = Debug;
		};
		4AA675491D76344000BD1325 /* Release */ = {
			isa = XCBuildConfiguration;
			buildSettings = {
				ALWAYS_SEARCH_USER_PATHS = NO;
				CLANG_ANALYZER_NONNULL = YES;
				CLANG_CXX_LANGUAGE_STANDARD = "gnu++0x";
				CLANG_CXX_LIBRARY = "libc++";
				CLANG_ENABLE_MODULES = YES;
				CLANG_ENABLE_OBJC_ARC = YES;
				CLANG_WARN_BOOL_CONVERSION = YES;
				CLANG_WARN_CONSTANT_CONVERSION = YES;
				CLANG_WARN_DIRECT_OBJC_ISA_USAGE = YES_ERROR;
				CLANG_WARN_EMPTY_BODY = YES;
				CLANG_WARN_ENUM_CONVERSION = YES;
				CLANG_WARN_INT_CONVERSION = YES;
				CLANG_WARN_OBJC_ROOT_CLASS = YES_ERROR;
				CLANG_WARN_UNREACHABLE_CODE = YES;
				CLANG_WARN__DUPLICATE_METHOD_MATCH = YES;
				"CODE_SIGN_IDENTITY[sdk=iphoneos*]" = "iPhone Developer";
				COPY_PHASE_STRIP = NO;
				DEBUG_INFORMATION_FORMAT = "dwarf-with-dsym";
				ENABLE_NS_ASSERTIONS = NO;
				ENABLE_STRICT_OBJC_MSGSEND = YES;
				GCC_C_LANGUAGE_STANDARD = gnu99;
				GCC_NO_COMMON_BLOCKS = YES;
				GCC_WARN_64_TO_32_BIT_CONVERSION = YES;
				GCC_WARN_ABOUT_RETURN_TYPE = YES_ERROR;
				GCC_WARN_UNDECLARED_SELECTOR = YES;
				GCC_WARN_UNINITIALIZED_AUTOS = YES_AGGRESSIVE;
				GCC_WARN_UNUSED_FUNCTION = YES;
				GCC_WARN_UNUSED_VARIABLE = YES;
				IPHONEOS_DEPLOYMENT_TARGET = 9.3;
				MTL_ENABLE_DEBUG_INFO = NO;
				SDKROOT = iphoneos;
				TARGETED_DEVICE_FAMILY = "1,2";
				VALIDATE_PRODUCT = YES;
			};
			name = Release;
		};
		4AA6754B1D76344000BD1325 /* Debug */ = {
			isa = XCBuildConfiguration;
			buildSettings = {
				ASSETCATALOG_COMPILER_APPICON_NAME = AppIcon;
				INFOPLIST_FILE = NacdNews/Info.plist;
				LD_RUNPATH_SEARCH_PATHS = "$(inherited) @executable_path/Frameworks";
				PRODUCT_BUNDLE_IDENTIFIER = com.gerusa04.NacdNews;
				PRODUCT_NAME = "$(TARGET_NAME)";
			};
			name = Debug;
		};
		4AA6754C1D76344000BD1325 /* Release */ = {
			isa = XCBuildConfiguration;
			buildSettings = {
				ASSETCATALOG_COMPILER_APPICON_NAME = AppIcon;
				INFOPLIST_FILE = NacdNews/Info.plist;
				LD_RUNPATH_SEARCH_PATHS = "$(inherited) @executable_path/Frameworks";
				PRODUCT_BUNDLE_IDENTIFIER = com.gerusa04.NacdNews;
				PRODUCT_NAME = "$(TARGET_NAME)";
			};
			name = Release;
		};
/* End XCBuildConfiguration section */

/* Begin XCConfigurationList section */
		4AA675311D76344000BD1325 /* Build configuration list for PBXProject "NacdNews" */ = {
			isa = XCConfigurationList;
			buildConfigurations = (
				4AA675481D76344000BD1325 /* Debug */,
				4AA675491D76344000BD1325 /* Release */,
			);
			defaultConfigurationIsVisible = 0;
			defaultConfigurationName = Release;
		};
		4AA6754A1D76344000BD1325 /* Build configuration list for PBXNativeTarget "NacdNews" */ = {
			isa = XCConfigurationList;
			buildConfigurations = (
				4AA6754B1D76344000BD1325 /* Debug */,
				4AA6754C1D76344000BD1325 /* Release */,
			);
			defaultConfigurationIsVisible = 0;
			defaultConfigurationName = Release;
		};
/* End XCConfigurationList section */
	};
	rootObject = 4AA6752E1D76344000BD1325 /* Project object */;
}
